github.com/koud-fi/pkg/blob v0.0.0-20220323040432-4bae881660c8 h1:Ek5IrdD4eqrDflNxCWfxdnV4IznZT/wv+4fJC3TxfQQ=
github.com/koud-fi/pkg/blob v0.0.0-20220323040432-4bae881660c8/go.mod h1:xwDSe3gb9+vdmjuVnpRlPW1TA2gJhkt7oDs9s9vLtYo=
golang.org/x/time v0.4.0 h1:Z81tqI5ddIoXDPvVQ7/7CC9TnLM7ubaFG2qXYd5BbYY=
