github.com/koud-fi/pkg/blob v0.0.0-20250514133109-2d50a21b7a41 h1:b4B7+IyOEmYkwQRPdJzu6KkfQouCSNtZRBba+5lskwU=
github.com/koud-fi/pkg/blob v0.0.0-20250514133109-2d50a21b7a41/go.mod h1:a++UccCQbzDrrAAs0zBz2F4v4uKrMxt/qlDAhTp88Xo=
github.com/koud-fi/pkg/rx v0.0.0-20250514133109-2d50a21b7a41 h1:OT7uz7uGy4f+mel/XNTEDeVQ0Nj7CHaoxSynNmUEajA=
github.com/koud-fi/pkg/rx v0.0.0-20250514133109-2d50a21b7a41/go.mod h1:0yDTPcNFlva0Qi+ZEEOK893xoayTFYSRxKEsiBx4mvY=
golang.org/x/exp v0.0.0-20250506013437-ce4c2cf36ca6 h1:y5zboxd6LQAqYIhHnB48p0ByQ/GnQx2BE33L8BOHQkI=
golang.org/x/exp v0.0.0-20250506013437-ce4c2cf36ca6/go.mod h1:U6Lno4MTRCDY+Ba7aCcauB9T60gsv5s4ralQzP72ZoQ=
golang.org/x/time v0.11.0 h1:/bpjEDfN9tkoN/ryeYHnv5hcMlc8ncjMcM4XBk5NWV0=
golang.org/x/time v0.11.0/go.mod h1:CDIdPxbZBQxdj6cxyCIdrNogrJKMJ7pr37NYpMcMDSg=
