github.com/koud-fi/pkg/blob v0.0.0-20220323040432-4bae881660c8 h1:Ek5IrdD4eqrDflNxCWfxdnV4IznZT/wv+4fJC3TxfQQ=
github.com/koud-fi/pkg/blob v0.0.0-20220323040432-4bae881660c8/go.mod h1:xwDSe3gb9+vdmjuVnpRlPW1TA2gJhkt7oDs9s9vLtYo=
golang.org/x/time v0.0.0-20220411224347-583f2d630306 h1:+gHMid33q6pen7kv9xvT+JRinntgeXO2AeZVd0AWD3w=
