github.com/koud-fi/pkg/blob v0.0.0-20220728144657-c6f4d528b26a h1:dWKk+QRtLt33xGscDn78cf1WcG9fyB0/LIqtQs16Exo=
github.com/koud-fi/pkg/blob v0.0.0-20220728144657-c6f4d528b26a/go.mod h1:O8eBtnFdulkGtisNSLD6ZSoDNGuGJVYW8JF+8Lza2sQ=
github.com/koud-fi/pkg/fetch v0.0.0-20250403045347-3155cc1f1c78 h1:vwVUv6SMbmin4pkyTwirP7zcbF+UEGlJngPzHpj5sdk=
github.com/koud-fi/pkg/fetch v0.0.0-20250403045347-3155cc1f1c78/go.mod h1:1qxbmt/FofN/Mh+6PE/2QzGGeCSYnPFwWU8HODSNwE0=
github.com/koud-fi/pkg/rx v0.0.0-20220617062645-d7d71be010cb h1:rKZAf1BkYyYmg5uD5sztaTpLGeant9daGe3dOvjy3cc=
github.com/koud-fi/pkg/rx v0.0.0-20220617062645-d7d71be010cb/go.mod h1:11A6myvPh4NirnJHTCf/utpYN9FH8w5DJbWzqjX/QAQ=
github.com/koud-fi/pkg/serve v0.0.0-20220728144657-c6f4d528b26a h1:QGysZtIjVRLP9Lti4hRiNmvGqkZwZNJYufNItR0eAjA=
github.com/koud-fi/pkg/serve v0.0.0-20220728144657-c6f4d528b26a/go.mod h1:+JVdYV+bNSu2Ch4eQFILGemv4rcotRVtf8y7QzwCe4U=
golang.org/x/exp v0.0.0-20241009180824-f66d83c29e7c h1:7dEasQXItcW1xKJ2+gg5VOiBnqWrJc+rq0DPKyvvdbY=
golang.org/x/exp v0.0.0-20241009180824-f66d83c29e7c/go.mod h1:NQtJDoLvd6faHhE7m4T/1IY708gDefGGjR/iUW8yQQ8=
golang.org/x/time v0.5.0 h1:o7cqy6amK/52YcAKIPlM3a+Fpj35zvRj2TP+e1xFSfk=
golang.org/x/time v0.5.0/go.mod h1:3BpzKBy/shNhVucY/MWOyx10tF3SFh9QdLuxbVysPQM=
