github.com/OneOfOne/xxhash v1.2.2 h1:KMrpdQIwFcEqXDklaen+P1axHaj9BSKzvpUUfnHldSE=
github.com/OneOfOne/xxhash v1.2.2/go.mod h1:HSdplMjZKSmBqAxg5vPj2TmRDmfkzw+cTzAElWljhcU=
github.com/cespare/xxhash v1.1.0 h1:a6HrQnmkObjyL+Gs60czilIUGqrzKutQD6XZog3p+ko=
github.com/cespare/xxhash v1.1.0/go.mod h1:XrSqR1VqqWfGrhpAt58auRo0WTKS1nRRg3ghfAqPWnc=
github.com/koud-fi/pkg/bloom v0.0.0-20220525042449-d944e62f512f h1:QZUalC2KOZCcok3rCtE6CeTeEGk9y4+zacuGdvvdtTA=
github.com/koud-fi/pkg/bloom v0.0.0-20220525042449-d944e62f512f/go.mod h1:penHwACJaHi8ejqi/ttI+Z0sHI4y2hoDN/nOkpslC2Y=
github.com/koud-fi/pkg/sorted v0.0.0-20220525042449-d944e62f512f h1:SZcox3P0siegpL3fkAvhCAGapAhXILS4J0qgyi12DTs=
github.com/koud-fi/pkg/sorted v0.0.0-20220525042449-d944e62f512f/go.mod h1:oS6cT+onc/6Dk8aFHpwTlfQWm4JmpznEnhnUv38ESWM=
github.com/spaolacci/murmur3 v0.0.0-20180118202830-f09979ecbc72 h1:qLC7fQah7D6K1B0ujays3HV9gkFtllcxhzImRR7ArPQ=
github.com/spaolacci/murmur3 v0.0.0-20180118202830-f09979ecbc72/go.mod h1:JwIasOWyU6f++ZhiEuf87xNszmSA2myDM2Kzu9HwQUA=
golang.org/x/exp v0.0.0-20220414153411-bcd21879b8fd h1:zVFyTKZN/Q7mNRWSs1GOYnHM9NiFSJ54YVRsD0rNWT4=
golang.org/x/exp v0.0.0-20220414153411-bcd21879b8fd/go.mod h1:lgLbSvA5ygNOMpwM/9anMpWVlVJ7Z+cHWq/eFuinpGE=
