github.com/OneOfOne/xxhash v1.2.2/go.mod h1:HSdplMjZKSmBqAxg5vPj2TmRDmfkzw+cTzAElWljhcU=
github.com/OneOfOne/xxhash v1.2.8 h1:31czK/TI9sNkxIKfaUfGlU47BAxQ0ztGgd9vPyqimf8=
github.com/cespare/xxhash v1.1.0 h1:a6HrQnmkObjyL+Gs60czilIUGqrzKutQD6XZog3p+ko=
github.com/cespare/xxhash v1.1.0/go.mod h1:XrSqR1VqqWfGrhpAt58auRo0WTKS1nRRg3ghfAqPWnc=
github.com/koud-fi/pkg/bloom v0.0.0-20231021130145-584b3ed97499 h1:MfpqOkQo/9OIaR+qEj+iXx2YVtwHMGss3k6nCc5DQN0=
github.com/koud-fi/pkg/jump v0.0.0-20231014154022-20c0aabbaa20 h1:VmBFKl0HasZE0hbkPFo54DLA3Crms4zpxoSY1GmTV4w=
github.com/koud-fi/pkg/jump v0.0.0-20231014154022-20c0aabbaa20/go.mod h1:VQLc8evWxEQXqlHBMBMB6mnpz1UptPftVjC3goCBfCw=
github.com/koud-fi/pkg/sorted v0.0.0-20231014081407-387030119de3 h1:lRobRcE19pXY5aZWQlqs/ZO2BIxMvGT5UWyKOvXEXFU=
github.com/koud-fi/pkg/sorted v0.0.0-20231014081407-387030119de3/go.mod h1:oS6cT+onc/6Dk8aFHpwTlfQWm4JmpznEnhnUv38ESWM=
github.com/spaolacci/murmur3 v0.0.0-20180118202830-f09979ecbc72 h1:qLC7fQah7D6K1B0ujays3HV9gkFtllcxhzImRR7ArPQ=
github.com/spaolacci/murmur3 v0.0.0-20180118202830-f09979ecbc72/go.mod h1:JwIasOWyU6f++ZhiEuf87xNszmSA2myDM2Kzu9HwQUA=
golang.org/x/exp v0.0.0-20250506013437-ce4c2cf36ca6 h1:y5zboxd6LQAqYIhHnB48p0ByQ/GnQx2BE33L8BOHQkI=
