github.com/koud-fi/pkg/blob v0.0.0-20220327071929-73cdb37bce2a h1:meYcf0q5X6vSbPFEGH5k08uPyl0deBdSl/TmVVHXVGk=
github.com/koud-fi/pkg/rx v0.0.0-20220703120905-a3e8e443c8c4 h1:QKuNed1hIzduc47vULaM8r1HxxiCyoXlP9XbCQTv31U=
golang.org/x/exp v0.0.0-20220414153411-bcd21879b8fd h1:zVFyTKZN/Q7mNRWSs1GOYnHM9NiFSJ54YVRsD0rNWT4=
