github.com/davecgh/go-spew v1.1.1 h1:vj9j/u1bqnvCEfJOwUhtlOARqs3+rkHYY13jYWTU97c=
github.com/koud-fi/pkg/blob v0.0.0-20220327065345-4cd6588cd3f8 h1:7F8DCipXKgJ+sZCbRUXomGu/Y8F3UyESnRNoim1KVWo=
github.com/koud-fi/pkg/blob v0.0.0-20220327065345-4cd6588cd3f8/go.mod h1:xwDSe3gb9+vdmjuVnpRlPW1TA2gJhkt7oDs9s9vLtYo=
github.com/koud-fi/pkg/rx v0.0.0-20220703120905-a3e8e443c8c4 h1:QKuNed1hIzduc47vULaM8r1HxxiCyoXlP9XbCQTv31U=
github.com/koud-fi/pkg/rx v0.0.0-20220703120905-a3e8e443c8c4/go.mod h1:11A6myvPh4NirnJHTCf/utpYN9FH8w5DJbWzqjX/QAQ=
github.com/koud-fi/pkg/storage/storagetest v0.0.0-20220505044251-401d235d2935 h1:YfliAHqisyj7eT2CYfurgaGMI+pppiHjvdxX4jLulNw=
github.com/pmezard/go-difflib v1.0.0 h1:4DBwDE0NGyQoBHbLQYPwSUPoCMWR5BEzIk/f1lZbAQM=
github.com/stretchr/testify v1.9.0 h1:HtqpIVDClZ4nwg75+f6Lvsy/wHu+3BoSGCbBAcpTsTg=
go.etcd.io/bbolt v1.3.7 h1:j+zJOnnEjF/kyHlDDgGnVL/AIqIJPq8UoB2GSNfkUfQ=
golang.org/x/exp v0.0.0-20231110203233-9a3e6036ecaa h1:FRnLl4eNAQl8hwxVVC17teOw8kdjVDVAiFMtgUdTSRQ=
golang.org/x/sys v0.31.0 h1:ioabZlmFYtWhL+TRYpcnNlLwhyxaM9kWTDEmfnprqik=
gopkg.in/yaml.v3 v3.0.1 h1:fxVm/GzAzEWqLHuvctI91KS9hhNmmWOoWu0XTYJS7CA=
