github.com/koud-fi/pkg/blob v0.0.0-20220327065345-4cd6588cd3f8 h1:7F8DCipXKgJ+sZCbRUXomGu/Y8F3UyESnRNoim1KVWo=
github.com/koud-fi/pkg/blob v0.0.0-20220327065345-4cd6588cd3f8/go.mod h1:xwDSe3gb9+vdmjuVnpRlPW1TA2gJhkt7oDs9s9vLtYo=
github.com/koud-fi/pkg/rx v0.0.0-20220703120905-a3e8e443c8c4 h1:QKuNed1hIzduc47vULaM8r1HxxiCyoXlP9XbCQTv31U=
github.com/koud-fi/pkg/rx v0.0.0-20220703120905-a3e8e443c8c4/go.mod h1:11A6myvPh4NirnJHTCf/utpYN9FH8w5DJbWzqjX/QAQ=
github.com/koud-fi/pkg/storage/storagetest v0.0.0-20220505044251-401d235d2935 h1:YfliAHqisyj7eT2CYfurgaGMI+pppiHjvdxX4jLulNw=
go.etcd.io/bbolt v1.3.6 h1:/ecaJf0sk1l4l6V4awd65v2C3ILy7MSj+s/x1ADCIMU=
go.etcd.io/bbolt v1.3.6/go.mod h1:qXsaaIqmgQH0T+OPdb99Bf+PKfBBQVAdyD6TY9G8XM4=
golang.org/x/exp v0.0.0-20220414153411-bcd21879b8fd h1:zVFyTKZN/Q7mNRWSs1GOYnHM9NiFSJ54YVRsD0rNWT4=
golang.org/x/exp v0.0.0-20220414153411-bcd21879b8fd/go.mod h1:lgLbSvA5ygNOMpwM/9anMpWVlVJ7Z+cHWq/eFuinpGE=
golang.org/x/sys v0.0.0-20200923182605-d9f96fdee20d/go.mod h1:h1NjWce9XRLGQEsW7wpKNCjG9DtNlClVuFLEZdDNbEs=
golang.org/x/sys v0.3.0 h1:w8ZOecv6NaNa/zC8944JTU3vz4u6Lagfk4RPQxv92NQ=
