github.com/koud-fi/pkg/blob v0.0.0-20220328032554-b7ddd59d6b22 h1:6zgmx4r+h1lYJSRmqEC82SDEQR96hzYeXfpsP5Np8Hc=
github.com/koud-fi/pkg/blob v0.0.0-20220328032554-b7ddd59d6b22/go.mod h1:xwDSe3gb9+vdmjuVnpRlPW1TA2gJhkt7oDs9s9vLtYo=
golang.org/x/crypto v0.14.0 h1:wBqGXzWJW6m1XrIKlAH0Hs1JJ7+9KBwnIO8v66Q9cHc=
golang.org/x/net v0.16.0 h1:7eBu7KsSvFDtSXUIDbh3aqlK4DPsZ1rByC8PFfBThos=
golang.org/x/text v0.13.0 h1:ablQoSUd0tRdKxZewP80B+BaqeKJuVhuRxj/dkrun3k=
