github.com/koud-fi/pkg/blob v0.0.0-20220328032554-b7ddd59d6b22 h1:6zgmx4r+h1lYJSRmqEC82SDEQR96hzYeXfpsP5Np8Hc=
github.com/koud-fi/pkg/blob v0.0.0-20220328032554-b7ddd59d6b22/go.mod h1:xwDSe3gb9+vdmjuVnpRlPW1TA2gJhkt7oDs9s9vLtYo=
golang.org/x/crypto v0.16.0 h1:mMMrFzRSCF0GvB7Ne27XVtVAaXLrPmgPC7/v0tkwHaY=
golang.org/x/net v0.19.0 h1:zTwKpTd2XuCqf8huc7Fo2iSy+4RHPd10s4KzeTnVr1c=
golang.org/x/text v0.14.0 h1:ScX5w1eTa3QqT8oi6+ziP7dTV1S2+ALU0bI+0zXKWiQ=
