github.com/koud-fi/pkg/blob v0.0.0-20220703163636-d6e1266048fe h1:6tR8diqhzpWYeXxm6mCKvoIBMoU/O2zlQuA/8yZhFjc=
github.com/koud-fi/pkg/blob v0.0.0-20220703163636-d6e1266048fe/go.mod h1:O8eBtnFdulkGtisNSLD6ZSoDNGuGJVYW8JF+8Lza2sQ=
github.com/koud-fi/pkg/rx v0.0.0-20220617062645-d7d71be010cb h1:rKZAf1BkYyYmg5uD5sztaTpLGeant9daGe3dOvjy3cc=
github.com/koud-fi/pkg/rx v0.0.0-20220617062645-d7d71be010cb/go.mod h1:11A6myvPh4NirnJHTCf/utpYN9FH8w5DJbWzqjX/QAQ=
github.com/koud-fi/pkg/storage/storagetest v0.0.0-20220703163636-d6e1266048fe h1:RuAvH3maiupnehjaZhkK3yufb+fFDDmB6XW6vBO5Wuc=
github.com/koud-fi/pkg/storage/storagetest v0.0.0-20220703163636-d6e1266048fe/go.mod h1:a0WnDcANyzXHuzaFTT75JsSMcLQ6dPMnwI0Z7820sqw=
github.com/mattn/go-sqlite3 v1.14.14 h1:qZgc/Rwetq+MtyE18WhzjokPD93dNqLGNT3QJuLvBGw=
github.com/mattn/go-sqlite3 v1.14.14/go.mod h1:NyWgC/yNuGj7Q9rpYnZvas74GogHl5/Z4A/KQRfk6bU=
golang.org/x/exp v0.0.0-20220414153411-bcd21879b8fd h1:zVFyTKZN/Q7mNRWSs1GOYnHM9NiFSJ54YVRsD0rNWT4=
golang.org/x/exp v0.0.0-20220414153411-bcd21879b8fd/go.mod h1:lgLbSvA5ygNOMpwM/9anMpWVlVJ7Z+cHWq/eFuinpGE=
