github.com/koud-fi/pkg/blob v0.0.0-20220326182236-0c4243c96d1c h1:S2Qnlwi2ZPca8SqWnOQ5Q78Gkp8XkevB0fiObizNLPg=
github.com/koud-fi/pkg/blob v0.0.0-20220326182236-0c4243c96d1c/go.mod h1:xwDSe3gb9+vdmjuVnpRlPW1TA2gJhkt7oDs9s9vLtYo=
github.com/koud-fi/pkg/shell v0.0.0-20230726035121-ac1f2e547f2f h1:bYPz4MOFvpeh1x1TKeAFttUHgRZocT68lY4KQpimI34=
golang.org/x/image v0.25.0 h1:Y6uW6rH1y5y/LK1J8BPWZtr6yZ7hrsy6hFrXjgsc2fQ=
golang.org/x/sync v0.12.0 h1:MHc5BpPuC30uJk597Ri8TV3CNZcTLu6B6z4lJy+g6Jw=
