github.com/koud-fi/pkg/blob v0.0.0-20220326182236-0c4243c96d1c h1:S2Qnlwi2ZPca8SqWnOQ5Q78Gkp8XkevB0fiObizNLPg=
github.com/koud-fi/pkg/blob v0.0.0-20220326182236-0c4243c96d1c/go.mod h1:xwDSe3gb9+vdmjuVnpRlPW1TA2gJhkt7oDs9s9vLtYo=
github.com/koud-fi/pkg/shell v0.0.0-20230726035121-ac1f2e547f2f h1:bYPz4MOFvpeh1x1TKeAFttUHgRZocT68lY4KQpimI34=
golang.org/x/image v0.26.0 h1:4XjIFEZWQmCZi6Wv8BoxsDhRU3RVnLX04dToTDAEPlY=
golang.org/x/sync v0.14.0 h1:woo0S4Yywslg6hp4eUFjTVOyKt0RookbpAHG4c1HmhQ=
