github.com/koud-fi/pkg/blob v0.0.0-20220327071929-73cdb37bce2a h1:meYcf0q5X6vSbPFEGH5k08uPyl0deBdSl/TmVVHXVGk=
github.com/koud-fi/pkg/blob v0.0.0-20220327071929-73cdb37bce2a/go.mod h1:xwDSe3gb9+vdmjuVnpRlPW1TA2gJhkt7oDs9s9vLtYo=
github.com/koud-fi/pkg/rx v0.0.0-20220703120905-a3e8e443c8c4 h1:QKuNed1hIzduc47vULaM8r1HxxiCyoXlP9XbCQTv31U=
github.com/koud-fi/pkg/rx v0.0.0-20220703120905-a3e8e443c8c4/go.mod h1:11A6myvPh4NirnJHTCf/utpYN9FH8w5DJbWzqjX/QAQ=
github.com/koud-fi/pkg/storage/storagetest v0.0.0-20220327073110-dade8df321b2 h1:9DFXYyyxbNa3rGGs4f9pXafW2uHccdu8GNM2J+ZHa98=
github.com/koud-fi/pkg/storage/storagetest v0.0.0-20220327073110-dade8df321b2/go.mod h1:a0WnDcANyzXHuzaFTT75JsSMcLQ6dPMnwI0Z7820sqw=
golang.org/x/exp v0.0.0-20220414153411-bcd21879b8fd h1:zVFyTKZN/Q7mNRWSs1GOYnHM9NiFSJ54YVRsD0rNWT4=
golang.org/x/exp v0.0.0-20220414153411-bcd21879b8fd/go.mod h1:lgLbSvA5ygNOMpwM/9anMpWVlVJ7Z+cHWq/eFuinpGE=
