github.com/koud-fi/pkg/blob v0.0.0-20220327071929-73cdb37bce2a h1:meYcf0q5X6vSbPFEGH5k08uPyl0deBdSl/TmVVHXVGk=
github.com/koud-fi/pkg/blob v0.0.0-20220327071929-73cdb37bce2a/go.mod h1:xwDSe3gb9+vdmjuVnpRlPW1TA2gJhkt7oDs9s9vLtYo=
github.com/koud-fi/pkg/rx v0.0.0-20220703120905-a3e8e443c8c4 h1:QKuNed1hIzduc47vULaM8r1HxxiCyoXlP9XbCQTv31U=
github.com/koud-fi/pkg/rx v0.0.0-20220703120905-a3e8e443c8c4/go.mod h1:11A6myvPh4NirnJHTCf/utpYN9FH8w5DJbWzqjX/QAQ=
github.com/koud-fi/pkg/storage/storagetest v0.0.0-20220505044251-401d235d2935 h1:YfliAHqisyj7eT2CYfurgaGMI+pppiHjvdxX4jLulNw=
golang.org/x/exp v0.0.0-20231006140011-7918f672742d h1:jtJma62tbqLibJ5sFQz8bKtEM8rJBtfilJ2qTU199MI=
