github.com/koud-fi/pkg/assert v0.0.0-20250514133109-2d50a21b7a41 h1:l1tCYv6KiX5OycFCJPiEG0eR9wrRsIs9pd4o7o2KrLA=
github.com/koud-fi/pkg/assert v0.0.0-20250514133109-2d50a21b7a41/go.mod h1:X1p1TCf2hFWrpwk2G93aoT5S/5tDXJtRegRKFMmfhp4=
github.com/koud-fi/pkg/assign v0.0.0-20250514133109-2d50a21b7a41 h1:Z+Ynk0wJgyOvtL3TEBtl0/YmEAuX+csUbaIIXjzXgw0=
github.com/koud-fi/pkg/assign v0.0.0-20250514133109-2d50a21b7a41/go.mod h1:eOGeTspm/2WcmYTR9zk/2sUo/SC2uHbHNqH5n+XBMdY=
github.com/koud-fi/pkg/blob v0.0.0-20250514133109-2d50a21b7a41 h1:b4B7+IyOEmYkwQRPdJzu6KkfQouCSNtZRBba+5lskwU=
github.com/koud-fi/pkg/blob v0.0.0-20250514133109-2d50a21b7a41/go.mod h1:a++UccCQbzDrrAAs0zBz2F4v4uKrMxt/qlDAhTp88Xo=
github.com/koud-fi/pkg/errx v0.0.0-20250514133109-2d50a21b7a41 h1:g0P9Zqxs6OTl0/VzPK8LkZHgD6DTGv6smaRjnF6ySJY=
github.com/koud-fi/pkg/errx v0.0.0-20250514133109-2d50a21b7a41/go.mod h1:0QeFcy58jsjhTBTrWDW0l5fRKB084tG1jUumNSIRA4Q=
github.com/koud-fi/pkg/netx v0.0.0-20250514133109-2d50a21b7a41 h1:IErYTchN5S7XJ/yQ4SaELgM0Dp0w1MMuSoxLjVrs/d4=
github.com/koud-fi/pkg/netx v0.0.0-20250514133109-2d50a21b7a41/go.mod h1:QGwfK6ZKWG1cZgPDFpfdSsqBLQQdJAEOeOIBsTWW0EY=
github.com/koud-fi/pkg/rx v0.0.0-20250514133109-2d50a21b7a41 h1:OT7uz7uGy4f+mel/XNTEDeVQ0Nj7CHaoxSynNmUEajA=
github.com/koud-fi/pkg/rx v0.0.0-20250514133109-2d50a21b7a41/go.mod h1:0yDTPcNFlva0Qi+ZEEOK893xoayTFYSRxKEsiBx4mvY=
github.com/koud-fi/pkg/schema v0.0.0-20250514133109-2d50a21b7a41 h1:YJFZ99liWcQFdyseNSHSrpEkXSyM8u8Mx5NK48x6TII=
github.com/koud-fi/pkg/schema v0.0.0-20250514133109-2d50a21b7a41/go.mod h1:rc/f/+PWiTdm0gUKAK91r2Yr6vYVluADA9S8OeUzCdU=
github.com/koud-fi/pkg/serve v0.0.0-20250514133109-2d50a21b7a41 h1:fUazwvNvTexyFIir6azqvErGXq1D4//Si/+uIoU2wDY=
github.com/koud-fi/pkg/serve v0.0.0-20250514133109-2d50a21b7a41/go.mod h1:iRiZgAYCCjQ/IfwyL3lVMKoyyksG/Hvc40cq6KfPZmY=
golang.org/x/crypto v0.38.0 h1:jt+WWG8IZlBnVbomuhg2Mdq0+BBQaHbtqHEFEigjUV8=
golang.org/x/crypto v0.38.0/go.mod h1:MvrbAqul58NNYPKnOra203SB9vpuZW0e+RRZV+Ggqjw=
golang.org/x/exp v0.0.0-20250506013437-ce4c2cf36ca6 h1:y5zboxd6LQAqYIhHnB48p0ByQ/GnQx2BE33L8BOHQkI=
golang.org/x/exp v0.0.0-20250506013437-ce4c2cf36ca6/go.mod h1:U6Lno4MTRCDY+Ba7aCcauB9T60gsv5s4ralQzP72ZoQ=
golang.org/x/net v0.40.0 h1:79Xs7wF06Gbdcg4kdCCIQArK11Z1hr5POQ6+fIYHNuY=
golang.org/x/net v0.40.0/go.mod h1:y0hY0exeL2Pku80/zKK7tpntoX23cqL3Oa6njdgRtds=
golang.org/x/sync v0.14.0 h1:woo0S4Yywslg6hp4eUFjTVOyKt0RookbpAHG4c1HmhQ=
golang.org/x/sync v0.14.0/go.mod h1:1dzgHSNfp02xaA81J2MS99Qcpr2w7fw1gpm99rleRqA=
golang.org/x/text v0.25.0 h1:qVyWApTSYLk/drJRO5mDlNYskwQznZmkpV2c8q9zls4=
golang.org/x/text v0.25.0/go.mod h1:WEdwpYrmk1qmdHvhkSTNPm3app7v4rsT8F2UD6+VHIA=
