github.com/koud-fi/pkg/blob v0.0.0-20220327122653-d43f9a445527 h1:H+LQeQUXHm0uU9iNiKQFe9jLFNtBcTk6O2+mcfqQ/Yo=
github.com/koud-fi/pkg/blob v0.0.0-20220327122653-d43f9a445527/go.mod h1:xwDSe3gb9+vdmjuVnpRlPW1TA2gJhkt7oDs9s9vLtYo=
github.com/koud-fi/pkg/pk v0.0.0-20220327120829-b31de301a472 h1:qytc33hG8Wk9pVKThdrRnXT86iZ/hWSlbkJkPokIEyk=
github.com/koud-fi/pkg/pk v0.0.0-20220327120829-b31de301a472/go.mod h1:CLYSmSWCX7DFvVnPv4UkXEApTOIsLmTurbIR0y22ikI=
