github.com/koud-fi/pkg/blob v0.0.0-20220323040432-4bae881660c8 h1:Ek5IrdD4eqrDflNxCWfxdnV4IznZT/wv+4fJC3TxfQQ=
github.com/koud-fi/pkg/blob v0.0.0-20220323040432-4bae881660c8/go.mod h1:xwDSe3gb9+vdmjuVnpRlPW1TA2gJhkt7oDs9s9vLtYo=
github.com/koud-fi/pkg/calendar v0.0.0-20220324063507-69e3ed40579e h1:q3oFMKW1rkiTbmwoirNveW0MuizJulcUjuS+bnugYik=
github.com/koud-fi/pkg/calendar v0.0.0-20220324063507-69e3ed40579e/go.mod h1:GL3/a2gZGe8hIkdW5eTXe2PREnAwU+4yS8H5EBl/3ug=
github.com/koud-fi/pkg/fetch v0.0.0-20220324064510-4720bb485366 h1:vMs6ox+ZglLIkJqBdwsOltqedWmsXBDXJ58VOZF6ZXA=
github.com/koud-fi/pkg/fetch v0.0.0-20220324064510-4720bb485366/go.mod h1:Rx4uKarQmaevA5LcD4RApYNJZAwDPbCbB99z2/4cbWE=
golang.org/x/time v0.11.0 h1:/bpjEDfN9tkoN/ryeYHnv5hcMlc8ncjMcM4XBk5NWV0=
