github.com/koud-fi/pkg/rx v0.0.0-20250403043837-20197a01f407 h1:X6e9/m1kZpQW6vfyGfIfxTNGGwsE5WJZyVjf216TG9M=
github.com/koud-fi/pkg/rx v0.0.0-20250403043837-20197a01f407/go.mod h1:xZSDWwmE9KdcGiSkjRG/NZvfdRSc37rmz91My2xhrdY=
golang.org/x/exp v0.0.0-20250506013437-ce4c2cf36ca6 h1:y5zboxd6LQAqYIhHnB48p0ByQ/GnQx2BE33L8BOHQkI=
