github.com/koud-fi/pkg/rx v0.0.0-20220617062645-d7d71be010cb h1:rKZAf1BkYyYmg5uD5sztaTpLGeant9daGe3dOvjy3cc=
github.com/koud-fi/pkg/rx v0.0.0-20220617062645-d7d71be010cb/go.mod h1:11A6myvPh4NirnJHTCf/utpYN9FH8w5DJbWzqjX/QAQ=
golang.org/x/exp v0.0.0-20231110203233-9a3e6036ecaa h1:FRnLl4eNAQl8hwxVVC17teOw8kdjVDVAiFMtgUdTSRQ=
