github.com/koud-fi/pkg/assert v0.0.0-20250421095429-0d0ae667af3f h1:k5gHV/MfFpBBzAd1KPRhuMboJJ+Oulrg3eucJM+kJAE=
github.com/koud-fi/pkg/assert v0.0.0-20250421095429-0d0ae667af3f/go.mod h1:X1p1TCf2hFWrpwk2G93aoT5S/5tDXJtRegRKFMmfhp4=
github.com/koud-fi/pkg/assign v0.0.0-20250421095429-0d0ae667af3f h1:8WlNqmUTMGPJK7Q4pwmirorqigoEBoRhMOSTdYvDqdQ=
github.com/koud-fi/pkg/assign v0.0.0-20250421095429-0d0ae667af3f/go.mod h1:eOGeTspm/2WcmYTR9zk/2sUo/SC2uHbHNqH5n+XBMdY=
github.com/koud-fi/pkg/blob v0.0.0-20250421114623-4a0a17cca459 h1:FQwANTcJvbmhpaXtAzqLvbQjXm1bAjlTRoi300q2mJE=
github.com/koud-fi/pkg/blob v0.0.0-20250421114623-4a0a17cca459/go.mod h1:/B6Zq6hDMsWzBpMXyx0wdwUIg8jee5Z+wNRLSqRlWCE=
github.com/koud-fi/pkg/rx v0.0.0-20250403043837-20197a01f407 h1:X6e9/m1kZpQW6vfyGfIfxTNGGwsE5WJZyVjf216TG9M=
github.com/koud-fi/pkg/rx v0.0.0-20250403043837-20197a01f407/go.mod h1:xZSDWwmE9KdcGiSkjRG/NZvfdRSc37rmz91My2xhrdY=
github.com/koud-fi/pkg/schema v0.0.0-20250421114856-1f23a8720410 h1:xr2+87PqEI5pek+3ErOlSbO0vKvJU94TujJyJowkLpg=
github.com/koud-fi/pkg/schema v0.0.0-20250421114856-1f23a8720410/go.mod h1:4eY0nzhL96f/ODhc4Zn6NfAronEmmDTUxJI4uya+aU4=
github.com/koud-fi/pkg/serve v0.0.0-20250421114623-4a0a17cca459 h1:Izc4DZmdB35JTg8qXH806lPSYr4Y53zrfjePljDVVss=
github.com/koud-fi/pkg/serve v0.0.0-20250421114623-4a0a17cca459/go.mod h1:zqQ2hg87QdplAPYmjEi2NPIzwyZeh7eNDRpO5qFU4uQ=
golang.org/x/crypto v0.37.0 h1:kJNSjF/Xp7kU0iB2Z+9viTPMW4EqqsrywMXLJOOsXSE=
golang.org/x/crypto v0.37.0/go.mod h1:vg+k43peMZ0pUMhYmVAWysMK35e6ioLh3wB8ZCAfbVc=
golang.org/x/exp v0.0.0-20250408133849-7e4ce0ab07d0 h1:R84qjqJb5nVJMxqWYb3np9L5ZsaDtB+a39EqjV0JSUM=
golang.org/x/exp v0.0.0-20250408133849-7e4ce0ab07d0/go.mod h1:S9Xr4PYopiDyqSyp5NjCrhFrqg6A5zA2E/iPHPhqnS8=
golang.org/x/net v0.39.0 h1:ZCu7HMWDxpXpaiKdhzIfaltL9Lp31x/3fCP11bc6/fY=
golang.org/x/net v0.39.0/go.mod h1:X7NRbYVEA+ewNkCNyJ513WmMdQ3BineSwVtN2zD/d+E=
golang.org/x/text v0.24.0 h1:dd5Bzh4yt5KYA8f9CJHCP4FB4D51c2c6JvN37xJJkJ0=
golang.org/x/text v0.24.0/go.mod h1:L8rBsPeo2pSS+xqN0d5u2ikmjtmoJbDBT1b7nHvFCdU=
gopkg.in/check.v1 v0.0.0-20161208181325-20d25e280405/go.mod h1:Co6ibVJAznAaIkqp8huTwlJQCZ016jof/cbN4VW5Yz0=
gopkg.in/yaml.v3 v3.0.1 h1:fxVm/GzAzEWqLHuvctI91KS9hhNmmWOoWu0XTYJS7CA=
gopkg.in/yaml.v3 v3.0.1/go.mod h1:K4uyk7z7BCEPqu6E+C64Yfv1cQ7kz7rIZviUmN+EgEM=
