github.com/koud-fi/pkg/assign v0.0.0-20250418040716-347af193268a h1:blyPi7op0D8kb2kjvTZbafKNqrtqcG9glrcfo2a1vi8=
github.com/koud-fi/pkg/assign v0.0.0-20250418040716-347af193268a/go.mod h1:eOGeTspm/2WcmYTR9zk/2sUo/SC2uHbHNqH5n+XBMdY=
github.com/koud-fi/pkg/blob v0.0.0-20250418040716-347af193268a h1:mzkFaHjP+ojHlyyOJJscq27MoXQUpCaYZyHSn70761M=
github.com/koud-fi/pkg/blob v0.0.0-20250418040716-347af193268a/go.mod h1:/B6Zq6hDMsWzBpMXyx0wdwUIg8jee5Z+wNRLSqRlWCE=
github.com/koud-fi/pkg/rx v0.0.0-20250403043837-20197a01f407 h1:X6e9/m1kZpQW6vfyGfIfxTNGGwsE5WJZyVjf216TG9M=
github.com/koud-fi/pkg/rx v0.0.0-20250403043837-20197a01f407/go.mod h1:xZSDWwmE9KdcGiSkjRG/NZvfdRSc37rmz91My2xhrdY=
github.com/koud-fi/pkg/serve v0.0.0-20250418040716-347af193268a h1:66c+XEEwODpbi4KyEeKkIcBVOyi2xYqQnUs3kBVTn+0=
github.com/koud-fi/pkg/serve v0.0.0-20250418040716-347af193268a/go.mod h1:zqQ2hg87QdplAPYmjEi2NPIzwyZeh7eNDRpO5qFU4uQ=
golang.org/x/crypto v0.37.0 h1:kJNSjF/Xp7kU0iB2Z+9viTPMW4EqqsrywMXLJOOsXSE=
golang.org/x/crypto v0.37.0/go.mod h1:vg+k43peMZ0pUMhYmVAWysMK35e6ioLh3wB8ZCAfbVc=
golang.org/x/exp v0.0.0-20250408133849-7e4ce0ab07d0 h1:R84qjqJb5nVJMxqWYb3np9L5ZsaDtB+a39EqjV0JSUM=
golang.org/x/exp v0.0.0-20250408133849-7e4ce0ab07d0/go.mod h1:S9Xr4PYopiDyqSyp5NjCrhFrqg6A5zA2E/iPHPhqnS8=
golang.org/x/net v0.39.0 h1:ZCu7HMWDxpXpaiKdhzIfaltL9Lp31x/3fCP11bc6/fY=
golang.org/x/net v0.39.0/go.mod h1:X7NRbYVEA+ewNkCNyJ513WmMdQ3BineSwVtN2zD/d+E=
golang.org/x/text v0.24.0 h1:dd5Bzh4yt5KYA8f9CJHCP4FB4D51c2c6JvN37xJJkJ0=
golang.org/x/text v0.24.0/go.mod h1:L8rBsPeo2pSS+xqN0d5u2ikmjtmoJbDBT1b7nHvFCdU=
