github.com/koud-fi/pkg/blob v0.0.0-20220505044251-401d235d2935 h1:/cYTIPUoVAhilmhNLf9AL6VoaVHwnWRK49Xqo3tEnPQ=
github.com/koud-fi/pkg/blob v0.0.0-20220505044251-401d235d2935/go.mod h1:xwDSe3gb9+vdmjuVnpRlPW1TA2gJhkt7oDs9s9vLtYo=
github.com/koud-fi/pkg/file v0.0.0-20220505044251-401d235d2935 h1:tV1narvugMpYs++KtuQIFojDqlJwvvsFmEf4Iyf6COA=
github.com/koud-fi/pkg/file v0.0.0-20220505044251-401d235d2935/go.mod h1:PtpE4/660GcS4SZ1Iy9jX0JOeEKuzaHOBurNC4S3txw=
github.com/koud-fi/pkg/shell v0.0.0-20221104152134-fa5bb6ace59b h1:TVblkSjq4X1Q07oiXmYB+AvSmXGPSK/J9NKHwDdekYs=
github.com/koud-fi/pkg/storage/localdisk v0.0.0-20220505044251-401d235d2935 h1:PoiCJQbhZLJU5uy55DEn6SCUza2eHDUmJ3dD6Js1ldo=
github.com/koud-fi/pkg/storage/localdisk v0.0.0-20220505044251-401d235d2935/go.mod h1:byN77USIzNSM2kX2o+Z9qHYJ19cY06E8fbDw5WNdhy4=
github.com/koud-fi/pkg/storage/storagetest v0.0.0-20220505044251-401d235d2935 h1:YfliAHqisyj7eT2CYfurgaGMI+pppiHjvdxX4jLulNw=
github.com/koud-fi/pkg/storage/storagetest v0.0.0-20220505044251-401d235d2935/go.mod h1:a0WnDcANyzXHuzaFTT75JsSMcLQ6dPMnwI0Z7820sqw=
golang.org/x/crypto v0.5.0 h1:U/0M97KRkSFvyD/3FSmdP5W5swImpNgle/EHFhOsQPE=
golang.org/x/image v0.0.0-20220413100746-70e8d0d3baa9 h1:LRtI4W37N+KFebI/qV0OFiLUv4GLOWeEW5hn/KEJvxE=
golang.org/x/image v0.0.0-20220413100746-70e8d0d3baa9/go.mod h1:023OzeP/+EPmXeapQh35lcL3II3LrY8Ic+EFFKVhULM=
golang.org/x/sync v0.0.0-20220722155255-886fb9371eb4 h1:uVc8UZUe6tr40fFVnUP5Oj+veunVezqYl9z7DYw9xzw=
golang.org/x/sys v0.4.0 h1:Zr2JFtRQNX3BCZ8YtxRE9hNJYC8J6I1MVbMg6owUp18=
golang.org/x/text v0.3.6/go.mod h1:5Zoc/QRtKVWzQhOtBMvqHzDpF6irO9z98xDceosuGiQ=
golang.org/x/tools v0.0.0-20180917221912-90fa682c2a6e/go.mod h1:n7NCudcB/nEzxVGmLbDWY5pfWTLqBcC2KZ6jyYvM4mQ=
