github.com/koud-fi/pkg/blob v0.0.0-20220505044251-401d235d2935 h1:/cYTIPUoVAhilmhNLf9AL6VoaVHwnWRK49Xqo3tEnPQ=
github.com/koud-fi/pkg/blob v0.0.0-20220505044251-401d235d2935/go.mod h1:xwDSe3gb9+vdmjuVnpRlPW1TA2gJhkt7oDs9s9vLtYo=
github.com/koud-fi/pkg/file v0.0.0-20220505044251-401d235d2935 h1:tV1narvugMpYs++KtuQIFojDqlJwvvsFmEf4Iyf6COA=
github.com/koud-fi/pkg/file v0.0.0-20220505044251-401d235d2935/go.mod h1:PtpE4/660GcS4SZ1Iy9jX0JOeEKuzaHOBurNC4S3txw=
github.com/koud-fi/pkg/grf v0.0.0-20220505044251-401d235d2935 h1:TOwfgMN4itgWlDot/ZuOa+EWdYovGofEN2cWqe4jB6A=
github.com/koud-fi/pkg/grf v0.0.0-20220505044251-401d235d2935/go.mod h1:uKLmOh6Ef3sviy0ZOLqLJUiHcWtt7Q9rqX2y6cAvEzY=
github.com/koud-fi/pkg/shell v0.0.0-20220424081240-d6ced22e8df4 h1:uomqzUXBIIrDEMTZsEe2zPnFEIB+O4ODJOdFQAHyu28=
github.com/koud-fi/pkg/shell v0.0.0-20220424081240-d6ced22e8df4/go.mod h1:YPBaNqT8I64WApjEKX+JO3jujprm1InnGVLIa9Uds+g=
github.com/koud-fi/pkg/storage/localdisk v0.0.0-20220505044251-401d235d2935 h1:PoiCJQbhZLJU5uy55DEn6SCUza2eHDUmJ3dD6Js1ldo=
github.com/koud-fi/pkg/storage/localdisk v0.0.0-20220505044251-401d235d2935/go.mod h1:byN77USIzNSM2kX2o+Z9qHYJ19cY06E8fbDw5WNdhy4=
github.com/koud-fi/pkg/storage/storagetest v0.0.0-20220505044251-401d235d2935 h1:YfliAHqisyj7eT2CYfurgaGMI+pppiHjvdxX4jLulNw=
github.com/koud-fi/pkg/storage/storagetest v0.0.0-20220505044251-401d235d2935/go.mod h1:a0WnDcANyzXHuzaFTT75JsSMcLQ6dPMnwI0Z7820sqw=
golang.org/x/crypto v0.0.0-20220411220226-7b82a4e95df4 h1:kUhD7nTDoI3fVd9G4ORWrbV5NY0liEs/Jg2pv5f+bBA=
golang.org/x/crypto v0.0.0-20220411220226-7b82a4e95df4/go.mod h1:IxCIyHEi3zRg3s0A5j5BB6A9Jmi73HwBIUl50j+osU4=
golang.org/x/image v0.0.0-20220413100746-70e8d0d3baa9 h1:LRtI4W37N+KFebI/qV0OFiLUv4GLOWeEW5hn/KEJvxE=
golang.org/x/image v0.0.0-20220413100746-70e8d0d3baa9/go.mod h1:023OzeP/+EPmXeapQh35lcL3II3LrY8Ic+EFFKVhULM=
golang.org/x/sync v0.0.0-20210220032951-036812b2e83c h1:5KslGYwFpkhGh+Q16bwMP3cOontH8FOep7tGV86Y7SQ=
golang.org/x/sync v0.0.0-20210220032951-036812b2e83c/go.mod h1:RxMgew5VJxzue5/jJTE5uejpjVlOe/izrB70Jof72aM=
golang.org/x/sys v0.0.0-20220325203850-36772127a21f h1:TrmogKRsSOxRMJbLYGrB4SBbW+LJcEllYBLME5Zk5pU=
golang.org/x/sys v0.0.0-20220325203850-36772127a21f/go.mod h1:oPkhp1MJrh7nUepCBck5+mAzfO9JrbApNNgaTdGDITg=
golang.org/x/text v0.3.6/go.mod h1:5Zoc/QRtKVWzQhOtBMvqHzDpF6irO9z98xDceosuGiQ=
golang.org/x/tools v0.0.0-20180917221912-90fa682c2a6e/go.mod h1:n7NCudcB/nEzxVGmLbDWY5pfWTLqBcC2KZ6jyYvM4mQ=
